github.com/GodsBoss/gggg v1.1.1-0.20210110182511-00c378966e71 h1:Ykf9Y4DJeaa2EG1s8mF/GPFUSXEqHp14/CsFSMXL5Ls=
github.com/GodsBoss/gggg v1.1.1-0.20210110182511-00c378966e71/go.mod h1:YmBsJ5Lem/Sd6AXE5T/fk/lBBfPqja0zlQgcpnIkz5g=
github.com/GodsBoss/go-pkg v0.0.0-20201223192137-c6f1afbfc199/go.mod h1:ZNyJbi9R1p3EPn2Alf3ROEniumscTZV6lArBrg8pcNc=
